
Microsoft Visual Studio Solution File, Format Version 12.00
# Visual Studio 15
VisualStudioVersion = 15.0.28307.572
MinimumVisualStudioVersion = 10.0.40219.1
Project("{FAE04EC0-301F-11D3-BF4B-00C04F79EFBC}") = "BW.DirSir.OJOApi", "BW.DirSir.OJOApi\BW.DirSir.OJOApi.csproj", "{0A444B00-74EB-4486-A53B-0AD279DDE93B}"
EndProject
Project("{FAE04EC0-301F-11D3-BF4B-00C04F79EFBC}") = "BW.DirSir.Common", "BW.DirSir.Common\BW.DirSir.Common.csproj", "{F7C4C603-684B-43B0-BA24-24E4C9CF8B6C}"
EndProject
Project("{FAE04EC0-301F-11D3-BF4B-00C04F79EFBC}") = "BW.DirSir.Repository", "BW.DirSir.Repository\BW.DirSir.Repository.csproj", "{79A09592-D46D-4C4D-A7FF-8953E2F705F0}"
EndProject
Project("{FAE04EC0-301F-11D3-BF4B-00C04F79EFBC}") = "BW.DirSir.IRepository", "BW.DirSir.IRepository\BW.DirSir.IRepository.csproj", "{4D5C6FEA-CB13-471B-A34E-3BBF7FAF7174}"
EndProject
Project("{FAE04EC0-301F-11D3-BF4B-00C04F79EFBC}") = "BW.DirSir.Model", "BW.DirSir.Model\BW.DirSir.Model.csproj", "{E97AC56B-960D-47D5-ADD0-7B10E55DC4BF}"
EndProject
Global
	GlobalSection(SolutionConfigurationPlatforms) = preSolution
		Debug|Any CPU = Debug|Any CPU
		Release|Any CPU = Release|Any CPU
	EndGlobalSection
	GlobalSection(ProjectConfigurationPlatforms) = postSolution
		{0A444B00-74EB-4486-A53B-0AD279DDE93B}.Debug|Any CPU.ActiveCfg = Debug|Any CPU
		{0A444B00-74EB-4486-A53B-0AD279DDE93B}.Debug|Any CPU.Build.0 = Debug|Any CPU
		{0A444B00-74EB-4486-A53B-0AD279DDE93B}.Release|Any CPU.ActiveCfg = Release|Any CPU
		{0A444B00-74EB-4486-A53B-0AD279DDE93B}.Release|Any CPU.Build.0 = Release|Any CPU
		{F7C4C603-684B-43B0-BA24-24E4C9CF8B6C}.Debug|Any CPU.ActiveCfg = Debug|Any CPU
		{F7C4C603-684B-43B0-BA24-24E4C9CF8B6C}.Debug|Any CPU.Build.0 = Debug|Any CPU
		{F7C4C603-684B-43B0-BA24-24E4C9CF8B6C}.Release|Any CPU.ActiveCfg = Release|Any CPU
		{F7C4C603-684B-43B0-BA24-24E4C9CF8B6C}.Release|Any CPU.Build.0 = Release|Any CPU
		{79A09592-D46D-4C4D-A7FF-8953E2F705F0}.Debug|Any CPU.ActiveCfg = Debug|Any CPU
		{79A09592-D46D-4C4D-A7FF-8953E2F705F0}.Debug|Any CPU.Build.0 = Debug|Any CPU
		{79A09592-D46D-4C4D-A7FF-8953E2F705F0}.Release|Any CPU.ActiveCfg = Release|Any CPU
		{79A09592-D46D-4C4D-A7FF-8953E2F705F0}.Release|Any CPU.Build.0 = Release|Any CPU
		{4D5C6FEA-CB13-471B-A34E-3BBF7FAF7174}.Debug|Any CPU.ActiveCfg = Debug|Any CPU
		{4D5C6FEA-CB13-471B-A34E-3BBF7FAF7174}.Debug|Any CPU.Build.0 = Debug|Any CPU
		{4D5C6FEA-CB13-471B-A34E-3BBF7FAF7174}.Release|Any CPU.ActiveCfg = Release|Any CPU
		{4D5C6FEA-CB13-471B-A34E-3BBF7FAF7174}.Release|Any CPU.Build.0 = Release|Any CPU
		{E97AC56B-960D-47D5-ADD0-7B10E55DC4BF}.Debug|Any CPU.ActiveCfg = Debug|Any CPU
		{E97AC56B-960D-47D5-ADD0-7B10E55DC4BF}.Debug|Any CPU.Build.0 = Debug|Any CPU
		{E97AC56B-960D-47D5-ADD0-7B10E55DC4BF}.Release|Any CPU.ActiveCfg = Release|Any CPU
		{E97AC56B-960D-47D5-ADD0-7B10E55DC4BF}.Release|Any CPU.Build.0 = Release|Any CPU
	EndGlobalSection
	GlobalSection(SolutionProperties) = preSolution
		HideSolutionNode = FALSE
	EndGlobalSection
	GlobalSection(ExtensibilityGlobals) = postSolution
		SolutionGuid = {8CD35D60-4587-4EB6-BA0E-ABAAC3D516C5}
	EndGlobalSection
EndGlobal
